
Microsoft Visual Studio Solution File, Format Version 12.00
# Visual Studio 2013
VisualStudioVersion = 12.0.21005.1
MinimumVisualStudioVersion = 10.0.40219.1
Project("{FAE04EC0-301F-11D3-BF4B-00C04F79EFBC}") = "ImageConverter", "ImageConverter\ImageConverter.csproj", "{5A2650FF-B954-4AB3-924C-AD8CBD560269}"
EndProject
Project("{54435603-DBB4-11D2-8724-00A0C9A8B90C}") = "ImageConverterSetup", "ImageConverterSetup\ImageConverterSetup.vdproj", "{F6DB7E7C-AC0F-4EC2-B113-FD7BA5FDAB9F}"
EndProject
Global
	GlobalSection(SolutionConfigurationPlatforms) = preSolution
		Debug|Any CPU = Debug|Any CPU
		Release|Any CPU = Release|Any CPU
	EndGlobalSection
	GlobalSection(ProjectConfigurationPlatforms) = postSolution
		{5A2650FF-B954-4AB3-924C-AD8CBD560269}.Debug|Any CPU.ActiveCfg = Debug|Any CPU
		{5A2650FF-B954-4AB3-924C-AD8CBD560269}.Debug|Any CPU.Build.0 = Debug|Any CPU
		{5A2650FF-B954-4AB3-924C-AD8CBD560269}.Release|Any CPU.ActiveCfg = Release|Any CPU
		{5A2650FF-B954-4AB3-924C-AD8CBD560269}.Release|Any CPU.Build.0 = Release|Any CPU
		{F6DB7E7C-AC0F-4EC2-B113-FD7BA5FDAB9F}.Debug|Any CPU.ActiveCfg = Debug
		{F6DB7E7C-AC0F-4EC2-B113-FD7BA5FDAB9F}.Debug|Any CPU.Build.0 = Debug
		{F6DB7E7C-AC0F-4EC2-B113-FD7BA5FDAB9F}.Release|Any CPU.ActiveCfg = Release
	EndGlobalSection
	GlobalSection(SolutionProperties) = preSolution
		HideSolutionNode = FALSE
	EndGlobalSection
EndGlobal
